lockfileVersion: '6.0'

settings:
  autoInstallPeers: true
  excludeLinksFromLockfile: false

dependencies:
  adata:
    specifier: 0.301.0
    version: 0.301.0
  ws:
    specifier: ^8.13.0
    version: 8.13.0

devDependencies:
  '@types/node':
    specifier: ^20.4.1
    version: 20.4.5
  '@types/ws':
    specifier: ^8.5.5
    version: 8.5.5
  typescript:
    specifier: ^5.1.6
    version: 5.1.6

packages:

  /@types/node@20.4.5:
    resolution: {integrity: sha512-rt40Nk13II9JwQBdeYqmbn2Q6IVTA5uPhvSO+JVqdXw/6/4glI6oR9ezty/A9Hg5u7JH4OmYmuQ+XvjKm0Datg==}
    dev: true

  /@types/ws@8.5.5:
    resolution: {integrity: sha512-lwhs8hktwxSjf9UaZ9tG5M03PGogvFaH8gUgLNbN9HKIg0dvv6q+gkSuJ8HN4/VbyxkuLzCjlN7GquQ0gUJfIg==}
    dependencies:
      '@types/node': 20.4.5
    dev: true

  /adata@0.301.0:
    resolution: {integrity: sha512-WZxPjSee4sROreB4B/u5DnG3q/dKHC00O5t+fKnHK3H5mAlJCDz6jB0HtwcdxQTi9yJ0Otrr/D+iHb4ruTiTDQ==}
    dev: false

  /typescript@5.1.6:
    resolution: {integrity: sha512-zaWCozRZ6DLEWAWFrVDz1H6FVXzUSfTy5FUMWsQlU8Ym5JP9eO4xkTIROFCQvhQf61z6O/G6ugw3SgAnvvm+HA==}
    engines: {node: '>=14.17'}
    hasBin: true
    dev: true

  /ws@8.13.0:
    resolution: {integrity: sha512-x9vcZYTrFPC7aSIbj7sRCYo7L/Xb8Iy+pW0ng0wt2vCJv7M9HOMy0UoN3rr+IFC7hb7vXoqS+P9ktyLLLhO+LA==}
    engines: {node: '>=10.0.0'}
    peerDependencies:
      bufferutil: ^4.0.1
      utf-8-validate: '>=5.0.2'
    peerDependenciesMeta:
      bufferutil:
        optional: true
      utf-8-validate:
        optional: true
    dev: false
