lockfileVersion: '6.0'

settings:
  autoInstallPeers: true
  excludeLinksFromLockfile: false

dependencies:
  '@objscript/core':
    specifier: 0.500.0
    version: 0.500.0
  '@objscript/schema':
    specifier: 0.500.0
    version: 0.500.0
  ws:
    specifier: ^8.13.0
    version: 8.13.0

devDependencies:
  '@types/node':
    specifier: ^20.4.1
    version: 20.4.5
  '@types/ws':
    specifier: ^8.5.5
    version: 8.5.5
  typescript:
    specifier: ^5.1.6
    version: 5.1.6

packages:

  /@objscript/core@0.500.0:
    resolution: {integrity: sha512-+IXaNIBRlxS+n7f0Tc9zb1pXG+q88wBQl4uy5gKewnqvPdLn3AqNxKff51TXZSq6/p4K6JGRiKQThx5lNo8MBQ==}
    dev: false

  /@objscript/schema@0.500.0:
    resolution: {integrity: sha512-KKva30K+Y0bMYf8J34/6mqVnZO82YqiLu4G4u12DqjppsEo+uQcPUARSykC8m4iy0Pe1BX+hDYOQxt9zLj0AVw==}
    hasBin: true
    dependencies:
      '@objscript/core': link:../core
    dev: false

  /@types/node@20.4.5:
    resolution: {integrity: sha512-rt40Nk13II9JwQBdeYqmbn2Q6IVTA5uPhvSO+JVqdXw/6/4glI6oR9ezty/A9Hg5u7JH4OmYmuQ+XvjKm0Datg==}
    dev: true

  /@types/ws@8.5.5:
    resolution: {integrity: sha512-lwhs8hktwxSjf9UaZ9tG5M03PGogvFaH8gUgLNbN9HKIg0dvv6q+gkSuJ8HN4/VbyxkuLzCjlN7GquQ0gUJfIg==}
    dependencies:
      '@types/node': 20.4.5
    dev: true

  /typescript@5.1.6:
    resolution: {integrity: sha512-zaWCozRZ6DLEWAWFrVDz1H6FVXzUSfTy5FUMWsQlU8Ym5JP9eO4xkTIROFCQvhQf61z6O/G6ugw3SgAnvvm+HA==}
    engines: {node: '>=14.17'}
    hasBin: true
    dev: true

  /ws@8.13.0:
    resolution: {integrity: sha512-x9vcZYTrFPC7aSIbj7sRCYo7L/Xb8Iy+pW0ng0wt2vCJv7M9HOMy0UoN3rr+IFC7hb7vXoqS+P9ktyLLLhO+LA==}
    engines: {node: '>=10.0.0'}
    peerDependencies:
      bufferutil: ^4.0.1
      utf-8-validate: '>=5.0.2'
    peerDependenciesMeta:
      bufferutil:
        optional: true
      utf-8-validate:
        optional: true
    dev: false
